PODS:
  - Alamofire (3.1.2)
  - Crashlytics (3.6.0):
    - Fabric (~> 1.6.3)
  - Fabric (1.6.4)
  - Google/Analytics (1.2.1):
    - Google/Core
    - GoogleAnalytics (~> 3.12)
  - Google/Core (1.2.1):
    - GoogleInterchangeUtilities (~> 1.0)
    - GoogleNetworkingUtilities (~> 1.0)
    - GoogleSymbolUtilities (~> 1.0)
    - GoogleUtilities (~> 1.1)
  - GoogleAnalytics (3.14.0)
  - GoogleInterchangeUtilities (1.1.0):
    - GoogleSymbolUtilities (~> 1.0)
  - GoogleNetworkingUtilities (1.0.0):
    - GoogleSymbolUtilities (~> 1.0)
  - GoogleSymbolUtilities (1.0.3)
  - GoogleUtilities (1.1.0):
    - GoogleSymbolUtilities (~> 1.0.0)
  - GPUImage (0.1.7)
  - TesseractOCRiOS (4.0.0)

DEPENDENCIES:
  - Alamofire (~> 3.0)
  - Crashlytics
  - Fabric
  - Google/Analytics
  - GPUImage (= 0.1.7)
  - TesseractOCRiOS (from `https://github.com/gali8/Tesseract-OCR-iOS.git`, commit
    `b4edaf737b9495b6d609375c1ff2875be9acdb47`)

EXTERNAL SOURCES:
  TesseractOCRiOS:
    :commit: b4edaf737b9495b6d609375c1ff2875be9acdb47
    :git: https://github.com/gali8/Tesseract-OCR-iOS.git

CHECKOUT OPTIONS:
  TesseractOCRiOS:
    :commit: b4edaf737b9495b6d609375c1ff2875be9acdb47
    :git: https://github.com/gali8/Tesseract-OCR-iOS.git

SPEC CHECKSUMS:
  Alamofire: 7c16ca65f3c7e681fd925fd7f2dec7747ff96855
  Crashlytics: e4e8d02914f2608fbc7bf42b1a7af838b0db67a2
  Fabric: ed41fd62173c6bdea24ab02c9d7707161eabb750
  Google: fd33b5fa40fa3aaee5176de49c873a74e3d11dce
  GoogleAnalytics: 9be1afdb8deeac4bb5f13ca7f7d3b9db2a1f43dc
  GoogleInterchangeUtilities: d7f7174176fbcf9710f696f1acebad4dbd98ac03
  GoogleNetworkingUtilities: 292992ab31b7b4ba32809a0e8b40e324cdfb2c0c
  GoogleSymbolUtilities: 82ad9f93d3615244b3f4ce440f5ab2515e8b4f56
  GoogleUtilities: 8ed9134debe11719097881711464752900668f10
  GPUImage: 733a5f0fab92df9de1c37ba9df520a833ccb406d
  TesseractOCRiOS: 729989db3984bb60ba3addb053569b172d48c409

COCOAPODS: 0.39.0
