PODS:
  - Alamofire (3.1.2)
  - GPUImage (0.1.7)
  - TesseractOCRiOS (4.0.0)

DEPENDENCIES:
  - Alamofire (~> 3.0)
  - GPUImage (= 0.1.7)
  - TesseractOCRiOS (= 4.0.0)

SPEC CHECKSUMS:
  Alamofire: 7c16ca65f3c7e681fd925fd7f2dec7747ff96855
  GPUImage: 733a5f0fab92df9de1c37ba9df520a833ccb406d
  TesseractOCRiOS: 90638afbe43d082433f2e76b384c7901d23956df

COCOAPODS: 0.39.0
