// !$*UTF8*$!
{
	archiveVersion = 1;
	classes = {
	};
	objectVersion = 46;
	objects = {

/* Begin PBXBuildFile section */
		4C1CD48B1BED2EC900B2CF00 /* AppDelegate.swift in Sources */ = {isa = PBXBuildFile; fileRef = 4C1CD48A1BED2EC900B2CF00 /* AppDelegate.swift */; };
		4C1CD48D1BED2EC900B2CF00 /* ViewController.swift in Sources */ = {isa = PBXBuildFile; fileRef = 4C1CD48C1BED2EC900B2CF00 /* ViewController.swift */; };
		4C1CD4901BED2EC900B2CF00 /* Main.storyboard in Resources */ = {isa = PBXBuildFile; fileRef = 4C1CD48E1BED2EC900B2CF00 /* Main.storyboard */; };
		4C1CD4921BED2EC900B2CF00 /* Assets.xcassets in Resources */ = {isa = PBXBuildFile; fileRef = 4C1CD4911BED2EC900B2CF00 /* Assets.xcassets */; };
		4C1CD4951BED2EC900B2CF00 /* LaunchScreen.storyboard in Resources */ = {isa = PBXBuildFile; fileRef = 4C1CD4931BED2EC900B2CF00 /* LaunchScreen.storyboard */; };
		4C1CD4A01BED2EC900B2CF00 /* ESRScannerTests.swift in Sources */ = {isa = PBXBuildFile; fileRef = 4C1CD49F1BED2EC900B2CF00 /* ESRScannerTests.swift */; };
/* End PBXBuildFile section */

/* Begin PBXContainerItemProxy section */
		4C1CD49C1BED2EC900B2CF00 /* PBXContainerItemProxy */ = {
			isa = PBXContainerItemProxy;
			containerPortal = 4C1CD47F1BED2EC800B2CF00 /* Project object */;
			proxyType = 1;
			remoteGlobalIDString = 4C1CD4861BED2EC800B2CF00;
			remoteInfo = ESRScanner;
		};
/* End PBXContainerItemProxy section */

/* Begin PBXFileReference section */
		4C1CD4871BED2EC800B2CF00 /* ESRScanner.app */ = {isa = PBXFileReference; explicitFileType = wrapper.application; includeInIndex = 0; path = ESRScanner.app; sourceTree = BUILT_PRODUCTS_DIR; };
		4C1CD48A1BED2EC900B2CF00 /* AppDelegate.swift */ = {isa = PBXFileReference; lastKnownFileType = sourcecode.swift; path = AppDelegate.swift; sourceTree = "<group>"; };
		4C1CD48C1BED2EC900B2CF00 /* ViewController.swift */ = {isa = PBXFileReference; lastKnownFileType = sourcecode.swift; path = ViewController.swift; sourceTree = "<group>"; };
		4C1CD48F1BED2EC900B2CF00 /* Base */ = {isa = PBXFileReference; lastKnownFileType = file.storyboard; name = Base; path = Base.lproj/Main.storyboard; sourceTree = "<group>"; };
		4C1CD4911BED2EC900B2CF00 /* Assets.xcassets */ = {isa = PBXFileReference; lastKnownFileType = folder.assetcatalog; path = Assets.xcassets; sourceTree = "<group>"; };
		4C1CD4941BED2EC900B2CF00 /* Base */ = {isa = PBXFileReference; lastKnownFileType = file.storyboard; name = Base; path = Base.lproj/LaunchScreen.storyboard; sourceTree = "<group>"; };
		4C1CD4961BED2EC900B2CF00 /* Info.plist */ = {isa = PBXFileReference; lastKnownFileType = text.plist.xml; path = Info.plist; sourceTree = "<group>"; };
		4C1CD49B1BED2EC900B2CF00 /* ESRScannerTests.xctest */ = {isa = PBXFileReference; explicitFileType = wrapper.cfbundle; includeInIndex = 0; path = ESRScannerTests.xctest; sourceTree = BUILT_PRODUCTS_DIR; };
		4C1CD49F1BED2EC900B2CF00 /* ESRScannerTests.swift */ = {isa = PBXFileReference; lastKnownFileType = sourcecode.swift; path = ESRScannerTests.swift; sourceTree = "<group>"; };
		4C1CD4A11BED2EC900B2CF00 /* Info.plist */ = {isa = PBXFileReference; lastKnownFileType = text.plist.xml; path = Info.plist; sourceTree = "<group>"; };
/* End PBXFileReference section */

/* Begin PBXFrameworksBuildPhase section */
		4C1CD4841BED2EC800B2CF00 /* Frameworks */ = {
			isa = PBXFrameworksBuildPhase;
			buildActionMask = 2147483647;
			files = (
			);
			runOnlyForDeploymentPostprocessing = 0;
		};
		4C1CD4981BED2EC900B2CF00 /* Frameworks */ = {
			isa = PBXFrameworksBuildPhase;
			buildActionMask = 2147483647;
			files = (
			);
			runOnlyForDeploymentPostprocessing = 0;
		};
/* End PBXFrameworksBuildPhase section */

/* Begin PBXGroup section */
		4C1CD47E1BED2EC800B2CF00 = {
			isa = PBXGroup;
			children = (
				4C1CD4891BED2EC900B2CF00 /* ESRScanner */,
				4C1CD49E1BED2EC900B2CF00 /* ESRScannerTests */,
				4C1CD4881BED2EC800B2CF00 /* Products */,
			);
			sourceTree = "<group>";
		};
		4C1CD4881BED2EC800B2CF00 /* Products */ = {
			isa = PBXGroup;
			children = (
				4C1CD4871BED2EC800B2CF00 /* ESRScanner.app */,
				4C1CD49B1BED2EC900B2CF00 /* ESRScannerTests.xctest */,
			);
			name = Products;
			sourceTree = "<group>";
		};
		4C1CD4891BED2EC900B2CF00 /* ESRScanner */ = {
			isa = PBXGroup;
			children = (
				4C1CD48A1BED2EC900B2CF00 /* AppDelegate.swift */,
				4C1CD48C1BED2EC900B2CF00 /* ViewController.swift */,
				4C1CD48E1BED2EC900B2CF00 /* Main.storyboard */,
				4C1CD4911BED2EC900B2CF00 /* Assets.xcassets */,
				4C1CD4931BED2EC900B2CF00 /* LaunchScreen.storyboard */,
				4C1CD4961BED2EC900B2CF00 /* Info.plist */,
			);
			path = ESRScanner;
			sourceTree = "<group>";
		};
		4C1CD49E1BED2EC900B2CF00 /* ESRScannerTests */ = {
			isa = PBXGroup;
			children = (
				4C1CD49F1BED2EC900B2CF00 /* ESRScannerTests.swift */,
				4C1CD4A11BED2EC900B2CF00 /* Info.plist */,
			);
			path = ESRScannerTests;
			sourceTree = "<group>";
		};
/* End PBXGroup section */

/* Begin PBXNativeTarget section */
		4C1CD4861BED2EC800B2CF00 /* ESRScanner */ = {
			isa = PBXNativeTarget;
			buildConfigurationList = 4C1CD4A41BED2EC900B2CF00 /* Build configuration list for PBXNativeTarget "ESRScanner" */;
			buildPhases = (
				4C1CD4831BED2EC800B2CF00 /* Sources */,
				4C1CD4841BED2EC800B2CF00 /* Frameworks */,
				4C1CD4851BED2EC800B2CF00 /* Resources */,
			);
			buildRules = (
			);
			dependencies = (
			);
			name = ESRScanner;
			productName = ESRScanner;
			productReference = 4C1CD4871BED2EC800B2CF00 /* ESRScanner.app */;
			productType = "com.apple.product-type.application";
		};
		4C1CD49A1BED2EC900B2CF00 /* ESRScannerTests */ = {
			isa = PBXNativeTarget;
			buildConfigurationList = 4C1CD4A71BED2EC900B2CF00 /* Build configuration list for PBXNativeTarget "ESRScannerTests" */;
			buildPhases = (
				4C1CD4971BED2EC900B2CF00 /* Sources */,
				4C1CD4981BED2EC900B2CF00 /* Frameworks */,
				4C1CD4991BED2EC900B2CF00 /* Resources */,
			);
			buildRules = (
			);
			dependencies = (
				4C1CD49D1BED2EC900B2CF00 /* PBXTargetDependency */,
			);
			name = ESRScannerTests;
			productName = ESRScannerTests;
			productReference = 4C1CD49B1BED2EC900B2CF00 /* ESRScannerTests.xctest */;
			productType = "com.apple.product-type.bundle.unit-test";
		};
/* End PBXNativeTarget section */

/* Begin PBXProject section */
		4C1CD47F1BED2EC800B2CF00 /* Project object */ = {
			isa = PBXProject;
			attributes = {
				LastSwiftUpdateCheck = 0710;
				LastUpgradeCheck = 0710;
				ORGANIZATIONNAME = "Michael Weibel";
				TargetAttributes = {
					4C1CD4861BED2EC800B2CF00 = {
						CreatedOnToolsVersion = 7.1;
						DevelopmentTeam = 2H3QH4L399;
					};
					4C1CD49A1BED2EC900B2CF00 = {
						CreatedOnToolsVersion = 7.1;
						DevelopmentTeam = 2H3QH4L399;
						TestTargetID = 4C1CD4861BED2EC800B2CF00;
					};
				};
			};
			buildConfigurationList = 4C1CD4821BED2EC800B2CF00 /* Build configuration list for PBXProject "ESRScanner" */;
			compatibilityVersion = "Xcode 3.2";
			developmentRegion = English;
			hasScannedForEncodings = 0;
			knownRegions = (
				en,
				Base,
			);
			mainGroup = 4C1CD47E1BED2EC800B2CF00;
			productRefGroup = 4C1CD4881BED2EC800B2CF00 /* Products */;
			projectDirPath = "";
			projectRoot = "";
			targets = (
				4C1CD4861BED2EC800B2CF00 /* ESRScanner */,
				4C1CD49A1BED2EC900B2CF00 /* ESRScannerTests */,
			);
		};
/* End PBXProject section */

/* Begin PBXResourcesBuildPhase section */
		4C1CD4851BED2EC800B2CF00 /* Resources */ = {
			isa = PBXResourcesBuildPhase;
			buildActionMask = 2147483647;
			files = (
				4C1CD4951BED2EC900B2CF00 /* LaunchScreen.storyboard in Resources */,
				4C1CD4921BED2EC900B2CF00 /* Assets.xcassets in Resources */,
				4C1CD4901BED2EC900B2CF00 /* Main.storyboard in Resources */,
			);
			runOnlyForDeploymentPostprocessing = 0;
		};
		4C1CD4991BED2EC900B2CF00 /* Resources */ = {
			isa = PBXResourcesBuildPhase;
			buildActionMask = 2147483647;
			files = (
			);
			runOnlyForDeploymentPostprocessing = 0;
		};
/* End PBXResourcesBuildPhase section */

/* Begin PBXSourcesBuildPhase section */
		4C1CD4831BED2EC800B2CF00 /* Sources */ = {
			isa = PBXSourcesBuildPhase;
			buildActionMask = 2147483647;
			files = (
				4C1CD48D1BED2EC900B2CF00 /* ViewController.swift in Sources */,
				4C1CD48B1BED2EC900B2CF00 /* AppDelegate.swift in Sources */,
			);
			runOnlyForDeploymentPostprocessing = 0;
		};
		4C1CD4971BED2EC900B2CF00 /* Sources */ = {
			isa = PBXSourcesBuildPhase;
			buildActionMask = 2147483647;
			files = (
				4C1CD4A01BED2EC900B2CF00 /* ESRScannerTests.swift in Sources */,
			);
			runOnlyForDeploymentPostprocessing = 0;
		};
/* End PBXSourcesBuildPhase section */

/* Begin PBXTargetDependency section */
		4C1CD49D1BED2EC900B2CF00 /* PBXTargetDependency */ = {
			isa = PBXTargetDependency;
			target = 4C1CD4861BED2EC800B2CF00 /* ESRScanner */;
			targetProxy = 4C1CD49C1BED2EC900B2CF00 /* PBXContainerItemProxy */;
		};
/* End PBXTargetDependency section */

/* Begin PBXVariantGroup section */
		4C1CD48E1BED2EC900B2CF00 /* Main.storyboard */ = {
			isa = PBXVariantGroup;
			children = (
				4C1CD48F1BED2EC900B2CF00 /* Base */,
			);
			name = Main.storyboard;
			sourceTree = "<group>";
		};
		4C1CD4931BED2EC900B2CF00 /* LaunchScreen.storyboard */ = {
			isa = PBXVariantGroup;
			children = (
				4C1CD4941BED2EC900B2CF00 /* Base */,
			);
			name = LaunchScreen.storyboard;
			sourceTree = "<group>";
		};
/* End PBXVariantGroup section */

/* Begin XCBuildConfiguration section */
		4C1CD4A21BED2EC900B2CF00 /* Debug */ = {
			isa = XCBuildConfiguration;
			buildSettings = {
				ALWAYS_SEARCH_USER_PATHS = NO;
				CLANG_CXX_LANGUAGE_STANDARD = "gnu++0x";
				CLANG_CXX_LIBRARY = "libc++";
				CLANG_ENABLE_MODULES = YES;
				CLANG_ENABLE_OBJC_ARC = YES;
				CLANG_WARN_BOOL_CONVERSION = YES;
				CLANG_WARN_CONSTANT_CONVERSION = YES;
				CLANG_WARN_DIRECT_OBJC_ISA_USAGE = YES_ERROR;
				CLANG_WARN_EMPTY_BODY = YES;
				CLANG_WARN_ENUM_CONVERSION = YES;
				CLANG_WARN_INT_CONVERSION = YES;
				CLANG_WARN_OBJC_ROOT_CLASS = YES_ERROR;
				CLANG_WARN_UNREACHABLE_CODE = YES;
				CLANG_WARN__DUPLICATE_METHOD_MATCH = YES;
				"CODE_SIGN_IDENTITY[sdk=iphoneos*]" = "iPhone Developer";
				COPY_PHASE_STRIP = NO;
				DEBUG_INFORMATION_FORMAT = dwarf;
				ENABLE_STRICT_OBJC_MSGSEND = YES;
				ENABLE_TESTABILITY = YES;
				GCC_C_LANGUAGE_STANDARD = gnu99;
				GCC_DYNAMIC_NO_PIC = NO;
				GCC_NO_COMMON_BLOCKS = YES;
				GCC_OPTIMIZATION_LEVEL = 0;
				GCC_PREPROCESSOR_DEFINITIONS = (
					"DEBUG=1",
					"$(inherited)",
				);
				GCC_WARN_64_TO_32_BIT_CONVERSION = YES;
				GCC_WARN_ABOUT_RETURN_TYPE = YES_ERROR;
				GCC_WARN_UNDECLARED_SELECTOR = YES;
				GCC_WARN_UNINITIALIZED_AUTOS = YES_AGGRESSIVE;
				GCC_WARN_UNUSED_FUNCTION = YES;
				GCC_WARN_UNUSED_VARIABLE = YES;
				IPHONEOS_DEPLOYMENT_TARGET = 9.1;
				MTL_ENABLE_DEBUG_INFO = YES;
				ONLY_ACTIVE_ARCH = YES;
				SDKROOT = iphoneos;
				SWIFT_OPTIMIZATION_LEVEL = "-Onone";
			};
			name = Debug;
		};
		4C1CD4A31BED2EC900B2CF00 /* Release */ = {
			isa = XCBuildConfiguration;
			buildSettings = {
				ALWAYS_SEARCH_USER_PATHS = NO;
				CLANG_CXX_LANGUAGE_STANDARD = "gnu++0x";
				CLANG_CXX_LIBRARY = "libc++";
				CLANG_ENABLE_MODULES = YES;
				CLANG_ENABLE_OBJC_ARC = YES;
				CLANG_WARN_BOOL_CONVERSION = YES;
				CLANG_WARN_CONSTANT_CONVERSION = YES;
				CLANG_WARN_DIRECT_OBJC_ISA_USAGE = YES_ERROR;
				CLANG_WARN_EMPTY_BODY = YES;
				CLANG_WARN_ENUM_CONVERSION = YES;
				CLANG_WARN_INT_CONVERSION = YES;
				CLANG_WARN_OBJC_ROOT_CLASS = YES_ERROR;
				CLANG_WARN_UNREACHABLE_CODE = YES;
				CLANG_WARN__DUPLICATE_METHOD_MATCH = YES;
				"CODE_SIGN_IDENTITY[sdk=iphoneos*]" = "iPhone Developer";
				COPY_PHASE_STRIP = NO;
				DEBUG_INFORMATION_FORMAT = "dwarf-with-dsym";
				ENABLE_NS_ASSERTIONS = NO;
				ENABLE_STRICT_OBJC_MSGSEND = YES;
				GCC_C_LANGUAGE_STANDARD = gnu99;
				GCC_NO_COMMON_BLOCKS = YES;
				GCC_WARN_64_TO_32_BIT_CONVERSION = YES;
				GCC_WARN_ABOUT_RETURN_TYPE = YES_ERROR;
				GCC_WARN_UNDECLARED_SELECTOR = YES;
				GCC_WARN_UNINITIALIZED_AUTOS = YES_AGGRESSIVE;
				GCC_WARN_UNUSED_FUNCTION = YES;
				GCC_WARN_UNUSED_VARIABLE = YES;
				IPHONEOS_DEPLOYMENT_TARGET = 9.1;
				MTL_ENABLE_DEBUG_INFO = NO;
				SDKROOT = iphoneos;
				VALIDATE_PRODUCT = YES;
			};
			name = Release;
		};
		4C1CD4A51BED2EC900B2CF00 /* Debug */ = {
			isa = XCBuildConfiguration;
			buildSettings = {
				ASSETCATALOG_COMPILER_APPICON_NAME = AppIcon;
				INFOPLIST_FILE = ESRScanner/Info.plist;
				LD_RUNPATH_SEARCH_PATHS = "$(inherited) @executable_path/Frameworks";
				PRODUCT_BUNDLE_IDENTIFIER = io.github.mweibel.ESRScanner;
				PRODUCT_NAME = "$(TARGET_NAME)";
			};
			name = Debug;
		};
		4C1CD4A61BED2EC900B2CF00 /* Release */ = {
			isa = XCBuildConfiguration;
			buildSettings = {
				ASSETCATALOG_COMPILER_APPICON_NAME = AppIcon;
				INFOPLIST_FILE = ESRScanner/Info.plist;
				LD_RUNPATH_SEARCH_PATHS = "$(inherited) @executable_path/Frameworks";
				PRODUCT_BUNDLE_IDENTIFIER = io.github.mweibel.ESRScanner;
				PRODUCT_NAME = "$(TARGET_NAME)";
			};
			name = Release;
		};
		4C1CD4A81BED2EC900B2CF00 /* Debug */ = {
			isa = XCBuildConfiguration;
			buildSettings = {
				BUNDLE_LOADER = "$(TEST_HOST)";
				INFOPLIST_FILE = ESRScannerTests/Info.plist;
				LD_RUNPATH_SEARCH_PATHS = "$(inherited) @executable_path/Frameworks @loader_path/Frameworks";
				PRODUCT_BUNDLE_IDENTIFIER = io.github.mweibel.ESRScannerTests;
				PRODUCT_NAME = "$(TARGET_NAME)";
				TEST_HOST = "$(BUILT_PRODUCTS_DIR)/ESRScanner.app/ESRScanner";
			};
			name = Debug;
		};
		4C1CD4A91BED2EC900B2CF00 /* Release */ = {
			isa = XCBuildConfiguration;
			buildSettings = {
				BUNDLE_LOADER = "$(TEST_HOST)";
				INFOPLIST_FILE = ESRScannerTests/Info.plist;
				LD_RUNPATH_SEARCH_PATHS = "$(inherited) @executable_path/Frameworks @loader_path/Frameworks";
				PRODUCT_BUNDLE_IDENTIFIER = io.github.mweibel.ESRScannerTests;
				PRODUCT_NAME = "$(TARGET_NAME)";
				TEST_HOST = "$(BUILT_PRODUCTS_DIR)/ESRScanner.app/ESRScanner";
			};
			name = Release;
		};
/* End XCBuildConfiguration section */

/* Begin XCConfigurationList section */
		4C1CD4821BED2EC800B2CF00 /* Build configuration list for PBXProject "ESRScanner" */ = {
			isa = XCConfigurationList;
			buildConfigurations = (
				4C1CD4A21BED2EC900B2CF00 /* Debug */,
				4C1CD4A31BED2EC900B2CF00 /* Release */,
			);
			defaultConfigurationIsVisible = 0;
			defaultConfigurationName = Release;
		};
		4C1CD4A41BED2EC900B2CF00 /* Build configuration list for PBXNativeTarget "ESRScanner" */ = {
			isa = XCConfigurationList;
			buildConfigurations = (
				4C1CD4A51BED2EC900B2CF00 /* Debug */,
				4C1CD4A61BED2EC900B2CF00 /* Release */,
			);
			defaultConfigurationIsVisible = 0;
		};
		4C1CD4A71BED2EC900B2CF00 /* Build configuration list for PBXNativeTarget "ESRScannerTests" */ = {
			isa = XCConfigurationList;
			buildConfigurations = (
				4C1CD4A81BED2EC900B2CF00 /* Debug */,
				4C1CD4A91BED2EC900B2CF00 /* Release */,
			);
			defaultConfigurationIsVisible = 0;
		};
/* End XCConfigurationList section */
	};
	rootObject = 4C1CD47F1BED2EC800B2CF00 /* Project object */;
}
